
Microsoft Visual Studio Solution File, Format Version 12.00
# Visual Studio Version 17
VisualStudioVersion = 17.12.35707.178 d17.12
MinimumVisualStudioVersion = 10.0.40219.1
Project("{FAE04EC0-301F-11D3-BF4B-00C04F79EFBC}") = "AIChatIntegration.Server", "AIChatIntegration.Server\AIChatIntegration.Server.csproj", "{1CCE20A9-FF99-4014-AB23-622B49305554}"
EndProject
Project("{54A90642-561A-4BB1-A94E-469ADEE60C69}") = "aichatintegration.client", "aichatintegration.client\aichatintegration.client.esproj", "{6DA8D645-038F-4332-9A09-56E47433A01A}"
EndProject
Global
	GlobalSection(SolutionConfigurationPlatforms) = preSolution
		Debug|Any CPU = Debug|Any CPU
		Release|Any CPU = Release|Any CPU
	EndGlobalSection
	GlobalSection(ProjectConfigurationPlatforms) = postSolution
		{1CCE20A9-FF99-4014-AB23-622B49305554}.Debug|Any CPU.ActiveCfg = Debug|Any CPU
		{1CCE20A9-FF99-4014-AB23-622B49305554}.Debug|Any CPU.Build.0 = Debug|Any CPU
		{1CCE20A9-FF99-4014-AB23-622B49305554}.Release|Any CPU.ActiveCfg = Release|Any CPU
		{1CCE20A9-FF99-4014-AB23-622B49305554}.Release|Any CPU.Build.0 = Release|Any CPU
		{6DA8D645-038F-4332-9A09-56E47433A01A}.Debug|Any CPU.ActiveCfg = Debug|Any CPU
		{6DA8D645-038F-4332-9A09-56E47433A01A}.Debug|Any CPU.Build.0 = Debug|Any CPU
		{6DA8D645-038F-4332-9A09-56E47433A01A}.Debug|Any CPU.Deploy.0 = Debug|Any CPU
		{6DA8D645-038F-4332-9A09-56E47433A01A}.Release|Any CPU.ActiveCfg = Release|Any CPU
		{6DA8D645-038F-4332-9A09-56E47433A01A}.Release|Any CPU.Build.0 = Release|Any CPU
		{6DA8D645-038F-4332-9A09-56E47433A01A}.Release|Any CPU.Deploy.0 = Release|Any CPU
	EndGlobalSection
	GlobalSection(SolutionProperties) = preSolution
		HideSolutionNode = FALSE
	EndGlobalSection
EndGlobal
